
Microsoft Visual Studio Solution File, Format Version 12.00
# Visual Studio Version 17
VisualStudioVersion = 17.11.35312.102
MinimumVisualStudioVersion = 10.0.40219.1
Project("{FAE04EC0-301F-11D3-BF4B-00C04F79EFBC}") = "MauiAppMeuCombustivel", "MauiAppMeuCombustivel\MauiAppMeuCombustivel.csproj", "{D7078491-0C3D-4F4C-B21F-DF35C7A1449D}"
EndProject
Global
	GlobalSection(SolutionConfigurationPlatforms) = preSolution
		Debug|Any CPU = Debug|Any CPU
		Release|Any CPU = Release|Any CPU
	EndGlobalSection
	GlobalSection(ProjectConfigurationPlatforms) = postSolution
		{D7078491-0C3D-4F4C-B21F-DF35C7A1449D}.Debug|Any CPU.ActiveCfg = Debug|Any CPU
		{D7078491-0C3D-4F4C-B21F-DF35C7A1449D}.Debug|Any CPU.Build.0 = Debug|Any CPU
		{D7078491-0C3D-4F4C-B21F-DF35C7A1449D}.Debug|Any CPU.Deploy.0 = Debug|Any CPU
		{D7078491-0C3D-4F4C-B21F-DF35C7A1449D}.Release|Any CPU.ActiveCfg = Release|Any CPU
		{D7078491-0C3D-4F4C-B21F-DF35C7A1449D}.Release|Any CPU.Build.0 = Release|Any CPU
		{D7078491-0C3D-4F4C-B21F-DF35C7A1449D}.Release|Any CPU.Deploy.0 = Release|Any CPU
	EndGlobalSection
	GlobalSection(SolutionProperties) = preSolution
		HideSolutionNode = FALSE
	EndGlobalSection
	GlobalSection(ExtensibilityGlobals) = postSolution
		SolutionGuid = {F6C44F9F-33BD-4946-B659-91C45BFDF42E}
	EndGlobalSection
EndGlobal
